dependencies:
- name: postgresql
  repository: https://charts.bitnami.com/bitnami
  version: 18.7.6
- name: redis
  repository: https://charts.bitnami.com/bitnami
  version: 27.0.10
- name: minio
  repository: https://charts.bitnami.com/bitnami
  version: 17.0.21
- name: hatchet-stack
  repository: https://hatchet-dev.github.io/hatchet-charts
  version: 0.11.0
digest: sha256:d05d2fae3644a14fc48df54262d1dd95c8cb0474e1b1ecf8a8136f7a7345bfa5
generated: "2026-06-24T15:54:05.282377+01:00"
